// !$*UTF8*$!
{
	archiveVersion = 1;
	classes = {
	};
	objectVersion = 56;
	objects = {

/* Begin PBXBuildFile section */
		6947F0FC29A50EFA00E7A79E /* Sako0602_Kadai19_SwiftUIApp.swift in Sources */ = {isa = PBXBuildFile; fileRef = 6947F0FB29A50EFA00E7A79E /* Sako0602_Kadai19_SwiftUIApp.swift */; };
		6947F0FE29A50EFA00E7A79E /* ContentView.swift in Sources */ = {isa = PBXBuildFile; fileRef = 6947F0FD29A50EFA00E7A79E /* ContentView.swift */; };
		6947F10029A50EFB00E7A79E /* Assets.xcassets in Resources */ = {isa = PBXBuildFile; fileRef = 6947F0FF29A50EFB00E7A79E /* Assets.xcassets */; };
		6947F10329A50EFB00E7A79E /* Preview Assets.xcassets in Resources */ = {isa = PBXBuildFile; fileRef = 6947F10229A50EFB00E7A79E /* Preview Assets.xcassets */; };
		6947F10D29A50EFB00E7A79E /* Sako0602_Kadai19_SwiftUITests.swift in Sources */ = {isa = PBXBuildFile; fileRef = 6947F10C29A50EFB00E7A79E /* Sako0602_Kadai19_SwiftUITests.swift */; };
		6947F11729A50EFB00E7A79E /* Sako0602_Kadai19_SwiftUIUITests.swift in Sources */ = {isa = PBXBuildFile; fileRef = 6947F11629A50EFB00E7A79E /* Sako0602_Kadai19_SwiftUIUITests.swift */; };
		6947F11929A50EFB00E7A79E /* Sako0602_Kadai19_SwiftUIUITestsLaunchTests.swift in Sources */ = {isa = PBXBuildFile; fileRef = 6947F11829A50EFB00E7A79E /* Sako0602_Kadai19_SwiftUIUITestsLaunchTests.swift */; };
		6947F12629A50F7200E7A79E /* FruitsAddView.swift in Sources */ = {isa = PBXBuildFile; fileRef = 6947F12529A50F7200E7A79E /* FruitsAddView.swift */; };
		6947F12829A50F7700E7A79E /* EditView.swift in Sources */ = {isa = PBXBuildFile; fileRef = 6947F12729A50F7700E7A79E /* EditView.swift */; };
		6947F12A29A50F7C00E7A79E /* FruitData.swift in Sources */ = {isa = PBXBuildFile; fileRef = 6947F12929A50F7C00E7A79E /* FruitData.swift */; };
/* End PBXBuildFile section */

/* Begin PBXContainerItemProxy section */
		6947F10929A50EFB00E7A79E /* PBXContainerItemProxy */ = {
			isa = PBXContainerItemProxy;
			containerPortal = 6947F0F029A50EFA00E7A79E /* Project object */;
			proxyType = 1;
			remoteGlobalIDString = 6947F0F729A50EFA00E7A79E;
			remoteInfo = "Sako0602-Kadai19-SwiftUI";
		};
		6947F11329A50EFB00E7A79E /* PBXContainerItemProxy */ = {
			isa = PBXContainerItemProxy;
			containerPortal = 6947F0F029A50EFA00E7A79E /* Project object */;
			proxyType = 1;
			remoteGlobalIDString = 6947F0F729A50EFA00E7A79E;
			remoteInfo = "Sako0602-Kadai19-SwiftUI";
		};
/* End PBXContainerItemProxy section */

/* Begin PBXFileReference section */
		6947F0F829A50EFA00E7A79E /* Sako0602-Kadai19-SwiftUI.app */ = {isa = PBXFileReference; explicitFileType = wrapper.application; includeInIndex = 0; path = "Sako0602-Kadai19-SwiftUI.app"; sourceTree = BUILT_PRODUCTS_DIR; };
		6947F0FB29A50EFA00E7A79E /* Sako0602_Kadai19_SwiftUIApp.swift */ = {isa = PBXFileReference; lastKnownFileType = sourcecode.swift; path = Sako0602_Kadai19_SwiftUIApp.swift; sourceTree = "<group>"; };
		6947F0FD29A50EFA00E7A79E /* ContentView.swift */ = {isa = PBXFileReference; lastKnownFileType = sourcecode.swift; path = ContentView.swift; sourceTree = "<group>"; };
		6947F0FF29A50EFB00E7A79E /* Assets.xcassets */ = {isa = PBXFileReference; lastKnownFileType = folder.assetcatalog; path = Assets.xcassets; sourceTree = "<group>"; };
		6947F10229A50EFB00E7A79E /* Preview Assets.xcassets */ = {isa = PBXFileReference; lastKnownFileType = folder.assetcatalog; path = "Preview Assets.xcassets"; sourceTree = "<group>"; };
		6947F10829A50EFB00E7A79E /* Sako0602-Kadai19-SwiftUITests.xctest */ = {isa = PBXFileReference; explicitFileType = wrapper.cfbundle; includeInIndex = 0; path = "Sako0602-Kadai19-SwiftUITests.xctest"; sourceTree = BUILT_PRODUCTS_DIR; };
		6947F10C29A50EFB00E7A79E /* Sako0602_Kadai19_SwiftUITests.swift */ = {isa = PBXFileReference; lastKnownFileType = sourcecode.swift; path = Sako0602_Kadai19_SwiftUITests.swift; sourceTree = "<group>"; };
		6947F11229A50EFB00E7A79E /* Sako0602-Kadai19-SwiftUIUITests.xctest */ = {isa = PBXFileReference; explicitFileType = wrapper.cfbundle; includeInIndex = 0; path = "Sako0602-Kadai19-SwiftUIUITests.xctest"; sourceTree = BUILT_PRODUCTS_DIR; };
		6947F11629A50EFB00E7A79E /* Sako0602_Kadai19_SwiftUIUITests.swift */ = {isa = PBXFileReference; lastKnownFileType = sourcecode.swift; path = Sako0602_Kadai19_SwiftUIUITests.swift; sourceTree = "<group>"; };
		6947F11829A50EFB00E7A79E /* Sako0602_Kadai19_SwiftUIUITestsLaunchTests.swift */ = {isa = PBXFileReference; lastKnownFileType = sourcecode.swift; path = Sako0602_Kadai19_SwiftUIUITestsLaunchTests.swift; sourceTree = "<group>"; };
		6947F12529A50F7200E7A79E /* FruitsAddView.swift */ = {isa = PBXFileReference; fileEncoding = 4; lastKnownFileType = sourcecode.swift; path = FruitsAddView.swift; sourceTree = "<group>"; };
		6947F12729A50F7700E7A79E /* EditView.swift */ = {isa = PBXFileReference; fileEncoding = 4; lastKnownFileType = sourcecode.swift; path = EditView.swift; sourceTree = "<group>"; };
		6947F12929A50F7C00E7A79E /* FruitData.swift */ = {isa = PBXFileReference; fileEncoding = 4; lastKnownFileType = sourcecode.swift; path = FruitData.swift; sourceTree = "<group>"; };
/* End PBXFileReference section */

/* Begin PBXFrameworksBuildPhase section */
		6947F0F529A50EFA00E7A79E /* Frameworks */ = {
			isa = PBXFrameworksBuildPhase;
			buildActionMask = 2147483647;
			files = (
			);
			runOnlyForDeploymentPostprocessing = 0;
		};
		6947F10529A50EFB00E7A79E /* Frameworks */ = {
			isa = PBXFrameworksBuildPhase;
			buildActionMask = 2147483647;
			files = (
			);
			runOnlyForDeploymentPostprocessing = 0;
		};
		6947F10F29A50EFB00E7A79E /* Frameworks */ = {
			isa = PBXFrameworksBuildPhase;
			buildActionMask = 2147483647;
			files = (
			);
			runOnlyForDeploymentPostprocessing = 0;
		};
/* End PBXFrameworksBuildPhase section */

/* Begin PBXGroup section */
		6947F0EF29A50EFA00E7A79E = {
			isa = PBXGroup;
			children = (
				6947F0FA29A50EFA00E7A79E /* Sako0602-Kadai19-SwiftUI */,
				6947F10B29A50EFB00E7A79E /* Sako0602-Kadai19-SwiftUITests */,
				6947F11529A50EFB00E7A79E /* Sako0602-Kadai19-SwiftUIUITests */,
				6947F0F929A50EFA00E7A79E /* Products */,
			);
			sourceTree = "<group>";
		};
		6947F0F929A50EFA00E7A79E /* Products */ = {
			isa = PBXGroup;
			children = (
				6947F0F829A50EFA00E7A79E /* Sako0602-Kadai19-SwiftUI.app */,
				6947F10829A50EFB00E7A79E /* Sako0602-Kadai19-SwiftUITests.xctest */,
				6947F11229A50EFB00E7A79E /* Sako0602-Kadai19-SwiftUIUITests.xctest */,
			);
			name = Products;
			sourceTree = "<group>";
		};
		6947F0FA29A50EFA00E7A79E /* Sako0602-Kadai19-SwiftUI */ = {
			isa = PBXGroup;
			children = (
				6947F0FB29A50EFA00E7A79E /* Sako0602_Kadai19_SwiftUIApp.swift */,
				6947F0FD29A50EFA00E7A79E /* ContentView.swift */,
				6947F12529A50F7200E7A79E /* FruitsAddView.swift */,
				6947F12729A50F7700E7A79E /* EditView.swift */,
				6947F12929A50F7C00E7A79E /* FruitData.swift */,
				6947F0FF29A50EFB00E7A79E /* Assets.xcassets */,
				6947F10129A50EFB00E7A79E /* Preview Content */,
			);
			path = "Sako0602-Kadai19-SwiftUI";
			sourceTree = "<group>";
		};
		6947F10129A50EFB00E7A79E /* Preview Content */ = {
			isa = PBXGroup;
			children = (
				6947F10229A50EFB00E7A79E /* Preview Assets.xcassets */,
			);
			path = "Preview Content";
			sourceTree = "<group>";
		};
		6947F10B29A50EFB00E7A79E /* Sako0602-Kadai19-SwiftUITests */ = {
			isa = PBXGroup;
			children = (
				6947F10C29A50EFB00E7A79E /* Sako0602_Kadai19_SwiftUITests.swift */,
			);
			path = "Sako0602-Kadai19-SwiftUITests";
			sourceTree = "<group>";
		};
		6947F11529A50EFB00E7A79E /* Sako0602-Kadai19-SwiftUIUITests */ = {
			isa = PBXGroup;
			children = (
				6947F11629A50EFB00E7A79E /* Sako0602_Kadai19_SwiftUIUITests.swift */,
				6947F11829A50EFB00E7A79E /* Sako0602_Kadai19_SwiftUIUITestsLaunchTests.swift */,
			);
			path = "Sako0602-Kadai19-SwiftUIUITests";
			sourceTree = "<group>";
		};
/* End PBXGroup section */

/* Begin PBXNativeTarget section */
		6947F0F729A50EFA00E7A79E /* Sako0602-Kadai19-SwiftUI */ = {
			isa = PBXNativeTarget;
			buildConfigurationList = 6947F11C29A50EFB00E7A79E /* Build configuration list for PBXNativeTarget "Sako0602-Kadai19-SwiftUI" */;
			buildPhases = (
				6947F0F429A50EFA00E7A79E /* Sources */,
				6947F0F529A50EFA00E7A79E /* Frameworks */,
				6947F0F629A50EFA00E7A79E /* Resources */,
			);
			buildRules = (
			);
			dependencies = (
			);
			name = "Sako0602-Kadai19-SwiftUI";
			productName = "Sako0602-Kadai19-SwiftUI";
			productReference = 6947F0F829A50EFA00E7A79E /* Sako0602-Kadai19-SwiftUI.app */;
			productType = "com.apple.product-type.application";
		};
		6947F10729A50EFB00E7A79E /* Sako0602-Kadai19-SwiftUITests */ = {
			isa = PBXNativeTarget;
			buildConfigurationList = 6947F11F29A50EFB00E7A79E /* Build configuration list for PBXNativeTarget "Sako0602-Kadai19-SwiftUITests" */;
			buildPhases = (
				6947F10429A50EFB00E7A79E /* Sources */,
				6947F10529A50EFB00E7A79E /* Frameworks */,
				6947F10629A50EFB00E7A79E /* Resources */,
			);
			buildRules = (
			);
			dependencies = (
				6947F10A29A50EFB00E7A79E /* PBXTargetDependency */,
			);
			name = "Sako0602-Kadai19-SwiftUITests";
			productName = "Sako0602-Kadai19-SwiftUITests";
			productReference = 6947F10829A50EFB00E7A79E /* Sako0602-Kadai19-SwiftUITests.xctest */;
			productType = "com.apple.product-type.bundle.unit-test";
		};
		6947F11129A50EFB00E7A79E /* Sako0602-Kadai19-SwiftUIUITests */ = {
			isa = PBXNativeTarget;
			buildConfigurationList = 6947F12229A50EFB00E7A79E /* Build configuration list for PBXNativeTarget "Sako0602-Kadai19-SwiftUIUITests" */;
			buildPhases = (
				6947F10E29A50EFB00E7A79E /* Sources */,
				6947F10F29A50EFB00E7A79E /* Frameworks */,
				6947F11029A50EFB00E7A79E /* Resources */,
			);
			buildRules = (
			);
			dependencies = (
				6947F11429A50EFB00E7A79E /* PBXTargetDependency */,
			);
			name = "Sako0602-Kadai19-SwiftUIUITests";
			productName = "Sako0602-Kadai19-SwiftUIUITests";
			productReference = 6947F11229A50EFB00E7A79E /* Sako0602-Kadai19-SwiftUIUITests.xctest */;
			productType = "com.apple.product-type.bundle.ui-testing";
		};
/* End PBXNativeTarget section */

/* Begin PBXProject section */
		6947F0F029A50EFA00E7A79E /* Project object */ = {
			isa = PBXProject;
			attributes = {
				BuildIndependentTargetsInParallel = 1;
				LastSwiftUpdateCheck = 1420;
				LastUpgradeCheck = 1420;
				TargetAttributes = {
					6947F0F729A50EFA00E7A79E = {
						CreatedOnToolsVersion = 14.2;
					};
					6947F10729A50EFB00E7A79E = {
						CreatedOnToolsVersion = 14.2;
						TestTargetID = 6947F0F729A50EFA00E7A79E;
					};
					6947F11129A50EFB00E7A79E = {
						CreatedOnToolsVersion = 14.2;
						TestTargetID = 6947F0F729A50EFA00E7A79E;
					};
				};
			};
			buildConfigurationList = 6947F0F329A50EFA00E7A79E /* Build configuration list for PBXProject "Sako0602-Kadai19-SwiftUI" */;
			compatibilityVersion = "Xcode 14.0";
			developmentRegion = en;
			hasScannedForEncodings = 0;
			knownRegions = (
				en,
				Base,
			);
			mainGroup = 6947F0EF29A50EFA00E7A79E;
			productRefGroup = 6947F0F929A50EFA00E7A79E /* Products */;
			projectDirPath = "";
			projectRoot = "";
			targets = (
				6947F0F729A50EFA00E7A79E /* Sako0602-Kadai19-SwiftUI */,
				6947F10729A50EFB00E7A79E /* Sako0602-Kadai19-SwiftUITests */,
				6947F11129A50EFB00E7A79E /* Sako0602-Kadai19-SwiftUIUITests */,
			);
		};
/* End PBXProject section */

/* Begin PBXResourcesBuildPhase section */
		6947F0F629A50EFA00E7A79E /* Resources */ = {
			isa = PBXResourcesBuildPhase;
			buildActionMask = 2147483647;
			files = (
				6947F10329A50EFB00E7A79E /* Preview Assets.xcassets in Resources */,
				6947F10029A50EFB00E7A79E /* Assets.xcassets in Resources */,
			);
			runOnlyForDeploymentPostprocessing = 0;
		};
		6947F10629A50EFB00E7A79E /* Resources */ = {
			isa = PBXResourcesBuildPhase;
			buildActionMask = 2147483647;
			files = (
			);
			runOnlyForDeploymentPostprocessing = 0;
		};
		6947F11029A50EFB00E7A79E /* Resources */ = {
			isa = PBXResourcesBuildPhase;
			buildActionMask = 2147483647;
			files = (
			);
			runOnlyForDeploymentPostprocessing = 0;
		};
/* End PBXResourcesBuildPhase section */

/* Begin PBXSourcesBuildPhase section */
		6947F0F429A50EFA00E7A79E /* Sources */ = {
			isa = PBXSourcesBuildPhase;
			buildActionMask = 2147483647;
			files = (
				6947F0FE29A50EFA00E7A79E /* ContentView.swift in Sources */,
				6947F12A29A50F7C00E7A79E /* FruitData.swift in Sources */,
				6947F0FC29A50EFA00E7A79E /* Sako0602_Kadai19_SwiftUIApp.swift in Sources */,
				6947F12829A50F7700E7A79E /* EditView.swift in Sources */,
				6947F12629A50F7200E7A79E /* FruitsAddView.swift in Sources */,
			);
			runOnlyForDeploymentPostprocessing = 0;
		};
		6947F10429A50EFB00E7A79E /* Sources */ = {
			isa = PBXSourcesBuildPhase;
			buildActionMask = 2147483647;
			files = (
				6947F10D29A50EFB00E7A79E /* Sako0602_Kadai19_SwiftUITests.swift in Sources */,
			);
			runOnlyForDeploymentPostprocessing = 0;
		};
		6947F10E29A50EFB00E7A79E /* Sources */ = {
			isa = PBXSourcesBuildPhase;
			buildActionMask = 2147483647;
			files = (
				6947F11729A50EFB00E7A79E /* Sako0602_Kadai19_SwiftUIUITests.swift in Sources */,
				6947F11929A50EFB00E7A79E /* Sako0602_Kadai19_SwiftUIUITestsLaunchTests.swift in Sources */,
			);
			runOnlyForDeploymentPostprocessing = 0;
		};
/* End PBXSourcesBuildPhase section */

/* Begin PBXTargetDependency section */
		6947F10A29A50EFB00E7A79E /* PBXTargetDependency */ = {
			isa = PBXTargetDependency;
			target = 6947F0F729A50EFA00E7A79E /* Sako0602-Kadai19-SwiftUI */;
			targetProxy = 6947F10929A50EFB00E7A79E /* PBXContainerItemProxy */;
		};
		6947F11429A50EFB00E7A79E /* PBXTargetDependency */ = {
			isa = PBXTargetDependency;
			target = 6947F0F729A50EFA00E7A79E /* Sako0602-Kadai19-SwiftUI */;
			targetProxy = 6947F11329A50EFB00E7A79E /* PBXContainerItemProxy */;
		};
/* End PBXTargetDependency section */

/* Begin XCBuildConfiguration section */
		6947F11A29A50EFB00E7A79E /* Debug */ = {
			isa = XCBuildConfiguration;
			buildSettings = {
				ALWAYS_SEARCH_USER_PATHS = NO;
				CLANG_ANALYZER_NONNULL = YES;
				CLANG_ANALYZER_NUMBER_OBJECT_CONVERSION = YES_AGGRESSIVE;
				CLANG_CXX_LANGUAGE_STANDARD = "gnu++20";
				CLANG_ENABLE_MODULES = YES;
				CLANG_ENABLE_OBJC_ARC = YES;
				CLANG_ENABLE_OBJC_WEAK = YES;
				CLANG_WARN_BLOCK_CAPTURE_AUTORELEASING = YES;
				CLANG_WARN_BOOL_CONVERSION = YES;
				CLANG_WARN_COMMA = YES;
				CLANG_WARN_CONSTANT_CONVERSION = YES;
				CLANG_WARN_DEPRECATED_OBJC_IMPLEMENTATIONS = YES;
				CLANG_WARN_DIRECT_OBJC_ISA_USAGE = YES_ERROR;
				CLANG_WARN_DOCUMENTATION_COMMENTS = YES;
				CLANG_WARN_EMPTY_BODY = YES;
				CLANG_WARN_ENUM_CONVERSION = YES;
				CLANG_WARN_INFINITE_RECURSION = YES;
				CLANG_WARN_INT_CONVERSION = YES;
				CLANG_WARN_NON_LITERAL_NULL_CONVERSION = YES;
				CLANG_WARN_OBJC_IMPLICIT_RETAIN_SELF = YES;
				CLANG_WARN_OBJC_LITERAL_CONVERSION = YES;
				CLANG_WARN_OBJC_ROOT_CLASS = YES_ERROR;
				CLANG_WARN_QUOTED_INCLUDE_IN_FRAMEWORK_HEADER = YES;
				CLANG_WARN_RANGE_LOOP_ANALYSIS = YES;
				CLANG_WARN_STRICT_PROTOTYPES = YES;
				CLANG_WARN_SUSPICIOUS_MOVE = YES;
				CLANG_WARN_UNGUARDED_AVAILABILITY = YES_AGGRESSIVE;
				CLANG_WARN_UNREACHABLE_CODE = YES;
				CLANG_WARN__DUPLICATE_METHOD_MATCH = YES;
				COPY_PHASE_STRIP = NO;
				DEBUG_INFORMATION_FORMAT = dwarf;
				ENABLE_STRICT_OBJC_MSGSEND = YES;
				ENABLE_TESTABILITY = YES;
				GCC_C_LANGUAGE_STANDARD = gnu11;
				GCC_DYNAMIC_NO_PIC = NO;
				GCC_NO_COMMON_BLOCKS = YES;
				GCC_OPTIMIZATION_LEVEL = 0;
				GCC_PREPROCESSOR_DEFINITIONS = (
					"DEBUG=1",
					"$(inherited)",
				);
				GCC_WARN_64_TO_32_BIT_CONVERSION = YES;
				GCC_WARN_ABOUT_RETURN_TYPE = YES_ERROR;
				GCC_WARN_UNDECLARED_SELECTOR = YES;
				GCC_WARN_UNINITIALIZED_AUTOS = YES_AGGRESSIVE;
				GCC_WARN_UNUSED_FUNCTION = YES;
				GCC_WARN_UNUSED_VARIABLE = YES;
				IPHONEOS_DEPLOYMENT_TARGET = 16.2;
				MTL_ENABLE_DEBUG_INFO = INCLUDE_SOURCE;
				MTL_FAST_MATH = YES;
				ONLY_ACTIVE_ARCH = YES;
				SDKROOT = iphoneos;
				SWIFT_ACTIVE_COMPILATION_CONDITIONS = DEBUG;
				SWIFT_OPTIMIZATION_LEVEL = "-Onone";
			};
			name = Debug;
		};
		6947F11B29A50EFB00E7A79E /* Release */ = {
			isa = XCBuildConfiguration;
			buildSettings = {
				ALWAYS_SEARCH_USER_PATHS = NO;
				CLANG_ANALYZER_NONNULL = YES;
				CLANG_ANALYZER_NUMBER_OBJECT_CONVERSION = YES_AGGRESSIVE;
				CLANG_CXX_LANGUAGE_STANDARD = "gnu++20";
				CLANG_ENABLE_MODULES = YES;
				CLANG_ENABLE_OBJC_ARC = YES;
				CLANG_ENABLE_OBJC_WEAK = YES;
				CLANG_WARN_BLOCK_CAPTURE_AUTORELEASING = YES;
				CLANG_WARN_BOOL_CONVERSION = YES;
				CLANG_WARN_COMMA = YES;
				CLANG_WARN_CONSTANT_CONVERSION = YES;
				CLANG_WARN_DEPRECATED_OBJC_IMPLEMENTATIONS = YES;
				CLANG_WARN_DIRECT_OBJC_ISA_USAGE = YES_ERROR;
				CLANG_WARN_DOCUMENTATION_COMMENTS = YES;
				CLANG_WARN_EMPTY_BODY = YES;
				CLANG_WARN_ENUM_CONVERSION = YES;
				CLANG_WARN_INFINITE_RECURSION = YES;
				CLANG_WARN_INT_CONVERSION = YES;
				CLANG_WARN_NON_LITERAL_NULL_CONVERSION = YES;
				CLANG_WARN_OBJC_IMPLICIT_RETAIN_SELF = YES;
				CLANG_WARN_OBJC_LITERAL_CONVERSION = YES;
				CLANG_WARN_OBJC_ROOT_CLASS = YES_ERROR;
				CLANG_WARN_QUOTED_INCLUDE_IN_FRAMEWORK_HEADER = YES;
				CLANG_WARN_RANGE_LOOP_ANALYSIS = YES;
				CLANG_WARN_STRICT_PROTOTYPES = YES;
				CLANG_WARN_SUSPICIOUS_MOVE = YES;
				CLANG_WARN_UNGUARDED_AVAILABILITY = YES_AGGRESSIVE;
				CLANG_WARN_UNREACHABLE_CODE = YES;
				CLANG_WARN__DUPLICATE_METHOD_MATCH = YES;
				COPY_PHASE_STRIP = NO;
				DEBUG_INFORMATION_FORMAT = "dwarf-with-dsym";
				ENABLE_NS_ASSERTIONS = NO;
				ENABLE_STRICT_OBJC_MSGSEND = YES;
				GCC_C_LANGUAGE_STANDARD = gnu11;
				GCC_NO_COMMON_BLOCKS = YES;
				GCC_WARN_64_TO_32_BIT_CONVERSION = YES;
				GCC_WARN_ABOUT_RETURN_TYPE = YES_ERROR;
				GCC_WARN_UNDECLARED_SELECTOR = YES;
				GCC_WARN_UNINITIALIZED_AUTOS = YES_AGGRESSIVE;
				GCC_WARN_UNUSED_FUNCTION = YES;
				GCC_WARN_UNUSED_VARIABLE = YES;
				IPHONEOS_DEPLOYMENT_TARGET = 16.2;
				MTL_ENABLE_DEBUG_INFO = NO;
				MTL_FAST_MATH = YES;
				SDKROOT = iphoneos;
				SWIFT_COMPILATION_MODE = wholemodule;
				SWIFT_OPTIMIZATION_LEVEL = "-O";
				VALIDATE_PRODUCT = YES;
			};
			name = Release;
		};
		6947F11D29A50EFB00E7A79E /* Debug */ = {
			isa = XCBuildConfiguration;
			buildSettings = {
				ASSETCATALOG_COMPILER_APPICON_NAME = AppIcon;
				ASSETCATALOG_COMPILER_GLOBAL_ACCENT_COLOR_NAME = AccentColor;
				CODE_SIGN_STYLE = Automatic;
				CURRENT_PROJECT_VERSION = 1;
				DEVELOPMENT_ASSET_PATHS = "\"Sako0602-Kadai19-SwiftUI/Preview Content\"";
				ENABLE_PREVIEWS = YES;
				GENERATE_INFOPLIST_FILE = YES;
				INFOPLIST_KEY_UIApplicationSceneManifest_Generation = YES;
				INFOPLIST_KEY_UIApplicationSupportsIndirectInputEvents = YES;
				INFOPLIST_KEY_UILaunchScreen_Generation = YES;
				INFOPLIST_KEY_UISupportedInterfaceOrientations_iPad = "UIInterfaceOrientationPortrait UIInterfaceOrientationPortraitUpsideDown UIInterfaceOrientationLandscapeLeft UIInterfaceOrientationLandscapeRight";
				INFOPLIST_KEY_UISupportedInterfaceOrientations_iPhone = "UIInterfaceOrientationPortrait UIInterfaceOrientationLandscapeLeft UIInterfaceOrientationLandscapeRight";
				LD_RUNPATH_SEARCH_PATHS = (
					"$(inherited)",
					"@executable_path/Frameworks",
				);
				MARKETING_VERSION = 1.0;
				PRODUCT_BUNDLE_IDENTIFIER = "com.sako.Sako0602-Kadai19-SwiftUI";
				PRODUCT_NAME = "$(TARGET_NAME)";
				SWIFT_EMIT_LOC_STRINGS = YES;
				SWIFT_VERSION = 5.0;
				TARGETED_DEVICE_FAMILY = "1,2";
			};
			name = Debug;
		};
		6947F11E29A50EFB00E7A79E /* Release */ = {
			isa = XCBuildConfiguration;
			buildSettings = {
				ASSETCATALOG_COMPILER_APPICON_NAME = AppIcon;
				ASSETCATALOG_COMPILER_GLOBAL_ACCENT_COLOR_NAME = AccentColor;
				CODE_SIGN_STYLE = Automatic;
				CURRENT_PROJECT_VERSION = 1;
				DEVELOPMENT_ASSET_PATHS = "\"Sako0602-Kadai19-SwiftUI/Preview Content\"";
				ENABLE_PREVIEWS = YES;
				GENERATE_INFOPLIST_FILE = YES;
				INFOPLIST_KEY_UIApplicationSceneManifest_Generation = YES;
				INFOPLIST_KEY_UIApplicationSupportsIndirectInputEvents = YES;
				INFOPLIST_KEY_UILaunchScreen_Generation = YES;
				INFOPLIST_KEY_UISupportedInterfaceOrientations_iPad = "UIInterfaceOrientationPortrait UIInterfaceOrientationPortraitUpsideDown UIInterfaceOrientationLandscapeLeft UIInterfaceOrientationLandscapeRight";
				INFOPLIST_KEY_UISupportedInterfaceOrientations_iPhone = "UIInterfaceOrientationPortrait UIInterfaceOrientationLandscapeLeft UIInterfaceOrientationLandscapeRight";
				LD_RUNPATH_SEARCH_PATHS = (
					"$(inherited)",
					"@executable_path/Frameworks",
				);
				MARKETING_VERSION = 1.0;
				PRODUCT_BUNDLE_IDENTIFIER = "com.sako.Sako0602-Kadai19-SwiftUI";
				PRODUCT_NAME = "$(TARGET_NAME)";
				SWIFT_EMIT_LOC_STRINGS = YES;
				SWIFT_VERSION = 5.0;
				TARGETED_DEVICE_FAMILY = "1,2";
			};
			name = Release;
		};
		6947F12029A50EFB00E7A79E /* Debug */ = {
			isa = XCBuildConfiguration;
			buildSettings = {
				ALWAYS_EMBED_SWIFT_STANDARD_LIBRARIES = YES;
				BUNDLE_LOADER = "$(TEST_HOST)";
				CODE_SIGN_STYLE = Automatic;
				CURRENT_PROJECT_VERSION = 1;
				GENERATE_INFOPLIST_FILE = YES;
				IPHONEOS_DEPLOYMENT_TARGET = 16.2;
				MARKETING_VERSION = 1.0;
				PRODUCT_BUNDLE_IDENTIFIER = "com.sako.Sako0602-Kadai19-SwiftUITests";
				PRODUCT_NAME = "$(TARGET_NAME)";
				SWIFT_EMIT_LOC_STRINGS = NO;
				SWIFT_VERSION = 5.0;
				TARGETED_DEVICE_FAMILY = "1,2";
				TEST_HOST = "$(BUILT_PRODUCTS_DIR)/Sako0602-Kadai19-SwiftUI.app/$(BUNDLE_EXECUTABLE_FOLDER_PATH)/Sako0602-Kadai19-SwiftUI";
			};
			name = Debug;
		};
		6947F12129A50EFB00E7A79E /* Release */ = {
			isa = XCBuildConfiguration;
			buildSettings = {
				ALWAYS_EMBED_SWIFT_STANDARD_LIBRARIES = YES;
				BUNDLE_LOADER = "$(TEST_HOST)";
				CODE_SIGN_STYLE = Automatic;
				CURRENT_PROJECT_VERSION = 1;
				GENERATE_INFOPLIST_FILE = YES;
				IPHONEOS_DEPLOYMENT_TARGET = 16.2;
				MARKETING_VERSION = 1.0;
				PRODUCT_BUNDLE_IDENTIFIER = "com.sako.Sako0602-Kadai19-SwiftUITests";
				PRODUCT_NAME = "$(TARGET_NAME)";
				SWIFT_EMIT_LOC_STRINGS = NO;
				SWIFT_VERSION = 5.0;
				TARGETED_DEVICE_FAMILY = "1,2";
				TEST_HOST = "$(BUILT_PRODUCTS_DIR)/Sako0602-Kadai19-SwiftUI.app/$(BUNDLE_EXECUTABLE_FOLDER_PATH)/Sako0602-Kadai19-SwiftUI";
			};
			name = Release;
		};
		6947F12329A50EFB00E7A79E /* Debug */ = {
			isa = XCBuildConfiguration;
			buildSettings = {
				ALWAYS_EMBED_SWIFT_STANDARD_LIBRARIES = YES;
				CODE_SIGN_STYLE = Automatic;
				CURRENT_PROJECT_VERSION = 1;
				GENERATE_INFOPLIST_FILE = YES;
				MARKETING_VERSION = 1.0;
				PRODUCT_BUNDLE_IDENTIFIER = "com.sako.Sako0602-Kadai19-SwiftUIUITests";
				PRODUCT_NAME = "$(TARGET_NAME)";
				SWIFT_EMIT_LOC_STRINGS = NO;
				SWIFT_VERSION = 5.0;
				TARGETED_DEVICE_FAMILY = "1,2";
				TEST_TARGET_NAME = "Sako0602-Kadai19-SwiftUI";
			};
			name = Debug;
		};
		6947F12429A50EFB00E7A79E /* Release */ = {
			isa = XCBuildConfiguration;
			buildSettings = {
				ALWAYS_EMBED_SWIFT_STANDARD_LIBRARIES = YES;
				CODE_SIGN_STYLE = Automatic;
				CURRENT_PROJECT_VERSION = 1;
				GENERATE_INFOPLIST_FILE = YES;
				MARKETING_VERSION = 1.0;
				PRODUCT_BUNDLE_IDENTIFIER = "com.sako.Sako0602-Kadai19-SwiftUIUITests";
				PRODUCT_NAME = "$(TARGET_NAME)";
				SWIFT_EMIT_LOC_STRINGS = NO;
				SWIFT_VERSION = 5.0;
				TARGETED_DEVICE_FAMILY = "1,2";
				TEST_TARGET_NAME = "Sako0602-Kadai19-SwiftUI";
			};
			name = Release;
		};
/* End XCBuildConfiguration section */

/* Begin XCConfigurationList section */
		6947F0F329A50EFA00E7A79E /* Build configuration list for PBXProject "Sako0602-Kadai19-SwiftUI" */ = {
			isa = XCConfigurationList;
			buildConfigurations = (
				6947F11A29A50EFB00E7A79E /* Debug */,
				6947F11B29A50EFB00E7A79E /* Release */,
			);
			defaultConfigurationIsVisible = 0;
			defaultConfigurationName = Release;
		};
		6947F11C29A50EFB00E7A79E /* Build configuration list for PBXNativeTarget "Sako0602-Kadai19-SwiftUI" */ = {
			isa = XCConfigurationList;
			buildConfigurations = (
				6947F11D29A50EFB00E7A79E /* Debug */,
				6947F11E29A50EFB00E7A79E /* Release */,
			);
			defaultConfigurationIsVisible = 0;
			defaultConfigurationName = Release;
		};
		6947F11F29A50EFB00E7A79E /* Build configuration list for PBXNativeTarget "Sako0602-Kadai19-SwiftUITests" */ = {
			isa = XCConfigurationList;
			buildConfigurations = (
				6947F12029A50EFB00E7A79E /* Debug */,
				6947F12129A50EFB00E7A79E /* Release */,
			);
			defaultConfigurationIsVisible = 0;
			defaultConfigurationName = Release;
		};
		6947F12229A50EFB00E7A79E /* Build configuration list for PBXNativeTarget "Sako0602-Kadai19-SwiftUIUITests" */ = {
			isa = XCConfigurationList;
			buildConfigurations = (
				6947F12329A50EFB00E7A79E /* Debug */,
				6947F12429A50EFB00E7A79E /* Release */,
			);
			defaultConfigurationIsVisible = 0;
			defaultConfigurationName = Release;
		};
/* End XCConfigurationList section */
	};
	rootObject = 6947F0F029A50EFA00E7A79E /* Project object */;
}
